// !$*UTF8*$!
{
	archiveVersion = 1;
	classes = {
	};
	objectVersion = 46;
	objects = {
/* Begin PBXBuildFile section */
		1D3623260D0F684500981E51 /* AppDelegate.m in Sources */ = {isa = PBXBuildFile; fileRef = 1D3623250D0F684500981E51 /* AppDelegate.m */; };
		1D60589B0D05DD56006BFB54 /* main.m in Sources */ = {isa = PBXBuildFile; fileRef = 29B97316FDCFA39411CA2CEA /* main.m */; };
		288765FD0DF74451002DB57D /* CoreGraphics.framework in Frameworks */ = {isa = PBXBuildFile; fileRef = 288765FC0DF74451002DB57D /* CoreGraphics.framework */; };
		301BF552109A68D80062928A /* libCordova.a in Frameworks */ = {isa = PBXBuildFile; fileRef = 301BF535109A57CC0062928A /* libCordova.a */; };
		302D95F114D2391D003F00A1 /* MainViewController.m in Sources */ = {isa = PBXBuildFile; fileRef = 302D95EF14D2391D003F00A1 /* MainViewController.m */; };
		302D95F214D2391D003F00A1 /* MainViewController.xib in Resources */ = {isa = PBXBuildFile; fileRef = 302D95F014D2391D003F00A1 /* MainViewController.xib */; };
		305D5FD1115AB8F900A74A75 /* MobileCoreServices.framework in Frameworks */ = {isa = PBXBuildFile; fileRef = 305D5FD0115AB8F900A74A75 /* MobileCoreServices.framework */; };
		3088BBBD154F3926009F9C59 /* Default-Landscape@2x~ipad.png in Resources */ = {isa = PBXBuildFile; fileRef = 3088BBB7154F3926009F9C59 /* Default-Landscape@2x~ipad.png */; };
		3088BBBE154F3926009F9C59 /* Default-Landscape~ipad.png in Resources */ = {isa = PBXBuildFile; fileRef = 3088BBB8154F3926009F9C59 /* Default-Landscape~ipad.png */; };
		3088BBBF154F3926009F9C59 /* Default-Portrait@2x~ipad.png in Resources */ = {isa = PBXBuildFile; fileRef = 3088BBB9154F3926009F9C59 /* Default-Portrait@2x~ipad.png */; };
		3088BBC0154F3926009F9C59 /* Default-Portrait~ipad.png in Resources */ = {isa = PBXBuildFile; fileRef = 3088BBBA154F3926009F9C59 /* Default-Portrait~ipad.png */; };
		3088BBC1154F3926009F9C59 /* Default@2x~iphone.png in Resources */ = {isa = PBXBuildFile; fileRef = 3088BBBB154F3926009F9C59 /* Default@2x~iphone.png */; };
		3088BBC2154F3926009F9C59 /* Default~iphone.png in Resources */ = {isa = PBXBuildFile; fileRef = 3088BBBC154F3926009F9C59 /* Default~iphone.png */; };
		308D05371370CCF300D202BF /* icon-72.png in Resources */ = {isa = PBXBuildFile; fileRef = 308D052E1370CCF300D202BF /* icon-72.png */; };
		308D05381370CCF300D202BF /* icon.png in Resources */ = {isa = PBXBuildFile; fileRef = 308D052F1370CCF300D202BF /* icon.png */; };
		308D05391370CCF300D202BF /* icon@2x.png in Resources */ = {isa = PBXBuildFile; fileRef = 308D05301370CCF300D202BF /* icon@2x.png */; };
		30B4F30019D5E07200D9F7D8 /* Default-667h.png in Resources */ = {isa = PBXBuildFile; fileRef = 30B4F2FD19D5E07200D9F7D8 /* Default-667h.png */; };
		30B4F30119D5E07200D9F7D8 /* Default-736h.png in Resources */ = {isa = PBXBuildFile; fileRef = 30B4F2FE19D5E07200D9F7D8 /* Default-736h.png */; };
		30B4F30219D5E07200D9F7D8 /* Default-Landscape-736h.png in Resources */ = {isa = PBXBuildFile; fileRef = 30B4F2FF19D5E07200D9F7D8 /* Default-Landscape-736h.png */; };
		30C1856619D5FC0A00212699 /* icon-60@3x.png in Resources */ = {isa = PBXBuildFile; fileRef = 30C1856519D5FC0A00212699 /* icon-60@3x.png */; };
		30FC414916E50CA1004E6F35 /* icon-72@2x.png in Resources */ = {isa = PBXBuildFile; fileRef = 30FC414816E50CA1004E6F35 /* icon-72@2x.png */; };
		5B1594DD16A7569C00FEF299 /* AssetsLibrary.framework in Frameworks */ = {isa = PBXBuildFile; fileRef = 5B1594DC16A7569C00FEF299 /* AssetsLibrary.framework */; };
		7E30D0D71A2433AB008024DE /* icon-120.png in Resources */ = {isa = PBXBuildFile; fileRef = 7E30D0D51A2433AB008024DE /* icon-120.png */; };
		7E30D0D81A2433AB008024DE /* icon-152.png in Resources */ = {isa = PBXBuildFile; fileRef = 7E30D0D61A2433AB008024DE /* icon-152.png */; };
		7E7966DE1810823500FA85AD /* icon-40.png in Resources */ = {isa = PBXBuildFile; fileRef = 7E7966D41810823500FA85AD /* icon-40.png */; };
		7E7966DF1810823500FA85AD /* icon-40@2x.png in Resources */ = {isa = PBXBuildFile; fileRef = 7E7966D51810823500FA85AD /* icon-40@2x.png */; };
		7E7966E01810823500FA85AD /* icon-50.png in Resources */ = {isa = PBXBuildFile; fileRef = 7E7966D61810823500FA85AD /* icon-50.png */; };
		7E7966E11810823500FA85AD /* icon-50@2x.png in Resources */ = {isa = PBXBuildFile; fileRef = 7E7966D71810823500FA85AD /* icon-50@2x.png */; };
		7E7966E21810823500FA85AD /* icon-60.png in Resources */ = {isa = PBXBuildFile; fileRef = 7E7966D81810823500FA85AD /* icon-60.png */; };
		7E7966E31810823500FA85AD /* icon-60@2x.png in Resources */ = {isa = PBXBuildFile; fileRef = 7E7966D91810823500FA85AD /* icon-60@2x.png */; };
		7E7966E41810823500FA85AD /* icon-76.png in Resources */ = {isa = PBXBuildFile; fileRef = 7E7966DA1810823500FA85AD /* icon-76.png */; };
		7E7966E51810823500FA85AD /* icon-76@2x.png in Resources */ = {isa = PBXBuildFile; fileRef = 7E7966DB1810823500FA85AD /* icon-76@2x.png */; };
		7E7966E61810823500FA85AD /* icon-small.png in Resources */ = {isa = PBXBuildFile; fileRef = 7E7966DC1810823500FA85AD /* icon-small.png */; };
		7E7966E71810823500FA85AD /* icon-small@2x.png in Resources */ = {isa = PBXBuildFile; fileRef = 7E7966DD1810823500FA85AD /* icon-small@2x.png */; };
		7ED959C01A2429AF0063D949 /* icon-57.png in Resources */ = {isa = PBXBuildFile; fileRef = 7ED959BF1A2429AF0063D949 /* icon-57.png */; };
		D4A0D8761607E02300AEF8BB /* Default-568h@2x~iphone.png in Resources */ = {isa = PBXBuildFile; fileRef = D4A0D8751607E02300AEF8BB /* Default-568h@2x~iphone.png */; };
		DAC8A309F5E74F57AE849BD7 /* CDVInAppBrowser.m in Sources */ = {isa = PBXBuildFile; fileRef = DB7D958523F74ED69FA5D6CB /* CDVInAppBrowser.m */; };
		C420A69B94034CA28B0EBEF5 /* CDVPluginExt.m in Sources */ = {isa = PBXBuildFile; fileRef = D377CE4843CF48BF8E47ED1A /* CDVPluginExt.m */; };
		205D198AF75640C6932DA15A /* libCordovaGenericAd.a in Frameworks */ = {isa = PBXBuildFile; fileRef = DBFF2DB4B5904ACD9EC881AA /* libCordovaGenericAd.a */; };
		4F82E3E7030E4B0698F92924 /* libGoogleAdMobAds.a in Frameworks */ = {isa = PBXBuildFile; fileRef = C3AF57AEF98844E3A88A5526 /* libGoogleAdMobAds.a */; };
		EF18308B6CA141D2AE86FB3B /* AdSupport.framework in Frameworks */ = {isa = PBXBuildFile; fileRef = 50EDFEC642C54A179DFECF4B /* AdSupport.framework */; };
		585DD0F6A20548A0A3B862E2 /* AudioToolbox.framework in Frameworks */ = {isa = PBXBuildFile; fileRef = 529F4F7076FD4B4A82F77BA8 /* AudioToolbox.framework */; };
		74B93404BECB47FBBB3B11F4 /* AVFoundation.framework in Frameworks */ = {isa = PBXBuildFile; fileRef = 5425AC5FC2674108AE08AC42 /* AVFoundation.framework */; };
		2960EDC443F0457AB6D212AE /* CoreTelephony.framework in Frameworks */ = {isa = PBXBuildFile; fileRef = 4C18C35FFC6C4B5880C30CA5 /* CoreTelephony.framework */; };
		0F96DB24A4B049698B066C21 /* EventKit.framework in Frameworks */ = {isa = PBXBuildFile; fileRef = 73B43F5DE7DA400E98066193 /* EventKit.framework */; };
		A89BB744312C423A82466C44 /* EventKitUI.framework in Frameworks */ = {isa = PBXBuildFile; fileRef = FBEF8B3450A447F2B877B358 /* EventKitUI.framework */; };
		6F5A517EB22345B2AA35B5D5 /* Foundation.framework in Frameworks */ = {isa = PBXBuildFile; fileRef = 4CB8E78258634EAFBA8034FF /* Foundation.framework */; };
		375F6281440D477CBD9DB541 /* MessageUI.framework in Frameworks */ = {isa = PBXBuildFile; fileRef = 31EEE2BC63E1461AA0061456 /* MessageUI.framework */; };
		9C05C0D53DD24249B112E3DB /* StoreKit.framework in Frameworks */ = {isa = PBXBuildFile; fileRef = F4353FA5DAA4449B925763D4 /* StoreKit.framework */; };
		6D0526058ED44E9EBD1802E4 /* SystemConfiguration.framework in Frameworks */ = {isa = PBXBuildFile; fileRef = F7BAF0A77779477C936F1817 /* SystemConfiguration.framework */; };
		94357FC180F641CAB88DEC33 /* UIKit.framework in Frameworks */ = {isa = PBXBuildFile; fileRef = F83573E7759345728D302C38 /* UIKit.framework */; };
		72B20388CDC144A1A99282EF /* CDVAdMobPlugin.m in Sources */ = {isa = PBXBuildFile; fileRef = C434CEBB32D048F78BC53059 /* CDVAdMobPlugin.m */; };
		43F4C4A562364419BAFD90AD /* AdMobMediation.m in Sources */ = {isa = PBXBuildFile; fileRef = BB48C314D5FB44AC8826D8D6 /* AdMobMediation.m */; };
/* End PBXBuildFile section */

/* Begin PBXContainerItemProxy section */
		301BF534109A57CC0062928A /* PBXContainerItemProxy */ = {
			isa = PBXContainerItemProxy;
			containerPortal = 301BF52D109A57CC0062928A /* CordovaLib.xcodeproj */;
			proxyType = 2;
			remoteGlobalIDString = D2AAC07E0554694100DB518D;
			remoteInfo = CordovaLib;
		};
		301BF550109A68C00062928A /* PBXContainerItemProxy */ = {
			isa = PBXContainerItemProxy;
			containerPortal = 301BF52D109A57CC0062928A /* CordovaLib.xcodeproj */;
			proxyType = 1;
			remoteGlobalIDString = D2AAC07D0554694100DB518D;
			remoteInfo = CordovaLib;
		};
/* End PBXContainerItemProxy section */

/* Begin PBXFileReference section */
		1D3623240D0F684500981E51 /* AppDelegate.h */ = {isa = PBXFileReference; fileEncoding = 4; lastKnownFileType = sourcecode.c.h; path = AppDelegate.h; sourceTree = "<group>"; };
		1D3623250D0F684500981E51 /* AppDelegate.m */ = {isa = PBXFileReference; fileEncoding = 4; lastKnownFileType = sourcecode.c.objc; path = AppDelegate.m; sourceTree = "<group>"; };
		1D6058910D05DD3D006BFB54 /* Elf Reports.app */ = {isa = PBXFileReference; explicitFileType = wrapper.application; includeInIndex = 0; path = "Elf Reports.app"; sourceTree = BUILT_PRODUCTS_DIR; };
		288765FC0DF74451002DB57D /* CoreGraphics.framework */ = {isa = PBXFileReference; lastKnownFileType = wrapper.framework; name = CoreGraphics.framework; path = System/Library/Frameworks/CoreGraphics.framework; sourceTree = SDKROOT; };
		28FEC574FC07455AA81C05E6 /* CDVInAppBrowser.h */ = {isa = PBXFileReference; fileEncoding = 4; lastKnownFileType = sourcecode.c.h; name = CDVInAppBrowser.h; path = org.apache.cordova.inappbrowser/CDVInAppBrowser.h; sourceTree = "<group>"; };
		29B97316FDCFA39411CA2CEA /* main.m */ = {isa = PBXFileReference; fileEncoding = 4; lastKnownFileType = sourcecode.c.objc; path = main.m; sourceTree = "<group>"; };
		301BF52D109A57CC0062928A /* CordovaLib.xcodeproj */ = {isa = PBXFileReference; lastKnownFileType = "wrapper.pb-project"; name = CordovaLib.xcodeproj; path = CordovaLib/CordovaLib.xcodeproj; sourceTree = "<group>"; };
		301BF56E109A69640062928A /* www */ = {isa = PBXFileReference; lastKnownFileType = folder; path = www; sourceTree = SOURCE_ROOT; };
		302D95EE14D2391D003F00A1 /* MainViewController.h */ = {isa = PBXFileReference; fileEncoding = 4; lastKnownFileType = sourcecode.c.h; path = MainViewController.h; sourceTree = "<group>"; };
		302D95EF14D2391D003F00A1 /* MainViewController.m */ = {isa = PBXFileReference; fileEncoding = 4; lastKnownFileType = sourcecode.c.objc; path = MainViewController.m; sourceTree = "<group>"; };
		302D95F014D2391D003F00A1 /* MainViewController.xib */ = {isa = PBXFileReference; fileEncoding = 4; lastKnownFileType = file.xib; path = MainViewController.xib; sourceTree = "<group>"; };
		305D5FD0115AB8F900A74A75 /* MobileCoreServices.framework */ = {isa = PBXFileReference; lastKnownFileType = wrapper.framework; name = MobileCoreServices.framework; path = System/Library/Frameworks/MobileCoreServices.framework; sourceTree = SDKROOT; };
		3088BBB7154F3926009F9C59 /* Default-Landscape@2x~ipad.png */ = {isa = PBXFileReference; lastKnownFileType = image.png; path = "Default-Landscape@2x~ipad.png"; sourceTree = "<group>"; };
		3088BBB8154F3926009F9C59 /* Default-Landscape~ipad.png */ = {isa = PBXFileReference; lastKnownFileType = image.png; path = "Default-Landscape~ipad.png"; sourceTree = "<group>"; };
		3088BBB9154F3926009F9C59 /* Default-Portrait@2x~ipad.png */ = {isa = PBXFileReference; lastKnownFileType = image.png; path = "Default-Portrait@2x~ipad.png"; sourceTree = "<group>"; };
		3088BBBA154F3926009F9C59 /* Default-Portrait~ipad.png */ = {isa = PBXFileReference; lastKnownFileType = image.png; path = "Default-Portrait~ipad.png"; sourceTree = "<group>"; };
		3088BBBB154F3926009F9C59 /* Default@2x~iphone.png */ = {isa = PBXFileReference; lastKnownFileType = image.png; path = "Default@2x~iphone.png"; sourceTree = "<group>"; };
		3088BBBC154F3926009F9C59 /* Default~iphone.png */ = {isa = PBXFileReference; lastKnownFileType = image.png; path = "Default~iphone.png"; sourceTree = "<group>"; };
		308D052E1370CCF300D202BF /* icon-72.png */ = {isa = PBXFileReference; lastKnownFileType = image.png; path = "icon-72.png"; sourceTree = "<group>"; };
		308D052F1370CCF300D202BF /* icon.png */ = {isa = PBXFileReference; lastKnownFileType = image.png; path = icon.png; sourceTree = "<group>"; };
		308D05301370CCF300D202BF /* icon@2x.png */ = {isa = PBXFileReference; lastKnownFileType = image.png; path = "icon@2x.png"; sourceTree = "<group>"; };
		30B4F2FD19D5E07200D9F7D8 /* Default-667h.png */ = {isa = PBXFileReference; lastKnownFileType = image.png; path = "Default-667h.png"; sourceTree = "<group>"; };
		30B4F2FE19D5E07200D9F7D8 /* Default-736h.png */ = {isa = PBXFileReference; lastKnownFileType = image.png; path = "Default-736h.png"; sourceTree = "<group>"; };
		30B4F2FF19D5E07200D9F7D8 /* Default-Landscape-736h.png */ = {isa = PBXFileReference; lastKnownFileType = image.png; path = "Default-Landscape-736h.png"; sourceTree = "<group>"; };
		30C1856519D5FC0A00212699 /* icon-60@3x.png */ = {isa = PBXFileReference; lastKnownFileType = image.png; path = "icon-60@3x.png"; sourceTree = "<group>"; };
		30FC414816E50CA1004E6F35 /* icon-72@2x.png */ = {isa = PBXFileReference; lastKnownFileType = image.png; path = "icon-72@2x.png"; sourceTree = "<group>"; };
		32CA4F630368D1EE00C91783 /* Elf Reports-Prefix.pch */ = {isa = PBXFileReference; fileEncoding = 4; lastKnownFileType = sourcecode.c.h; path = "Elf Reports-Prefix.pch"; sourceTree = "<group>"; };
		5B1594DC16A7569C00FEF299 /* AssetsLibrary.framework */ = {isa = PBXFileReference; lastKnownFileType = wrapper.framework; name = AssetsLibrary.framework; path = System/Library/Frameworks/AssetsLibrary.framework; sourceTree = SDKROOT; };
		7E30D0D51A2433AB008024DE /* icon-120.png */ = {isa = PBXFileReference; lastKnownFileType = image.png; path = "icon-120.png"; sourceTree = "<group>"; };
		7E30D0D61A2433AB008024DE /* icon-152.png */ = {isa = PBXFileReference; lastKnownFileType = image.png; path = "icon-152.png"; sourceTree = "<group>"; };
		7E7966D41810823500FA85AD /* icon-40.png */ = {isa = PBXFileReference; lastKnownFileType = image.png; path = "icon-40.png"; sourceTree = "<group>"; };
		7E7966D51810823500FA85AD /* icon-40@2x.png */ = {isa = PBXFileReference; lastKnownFileType = image.png; path = "icon-40@2x.png"; sourceTree = "<group>"; };
		7E7966D61810823500FA85AD /* icon-50.png */ = {isa = PBXFileReference; lastKnownFileType = image.png; path = "icon-50.png"; sourceTree = "<group>"; };
		7E7966D71810823500FA85AD /* icon-50@2x.png */ = {isa = PBXFileReference; lastKnownFileType = image.png; path = "icon-50@2x.png"; sourceTree = "<group>"; };
		7E7966D81810823500FA85AD /* icon-60.png */ = {isa = PBXFileReference; lastKnownFileType = image.png; path = "icon-60.png"; sourceTree = "<group>"; };
		7E7966D91810823500FA85AD /* icon-60@2x.png */ = {isa = PBXFileReference; lastKnownFileType = image.png; path = "icon-60@2x.png"; sourceTree = "<group>"; };
		7E7966DA1810823500FA85AD /* icon-76.png */ = {isa = PBXFileReference; lastKnownFileType = image.png; path = "icon-76.png"; sourceTree = "<group>"; };
		7E7966DB1810823500FA85AD /* icon-76@2x.png */ = {isa = PBXFileReference; lastKnownFileType = image.png; path = "icon-76@2x.png"; sourceTree = "<group>"; };
		7E7966DC1810823500FA85AD /* icon-small.png */ = {isa = PBXFileReference; lastKnownFileType = image.png; path = "icon-small.png"; sourceTree = "<group>"; };
		7E7966DD1810823500FA85AD /* icon-small@2x.png */ = {isa = PBXFileReference; lastKnownFileType = image.png; path = "icon-small@2x.png"; sourceTree = "<group>"; };
		7ED959BF1A2429AF0063D949 /* icon-57.png */ = {isa = PBXFileReference; lastKnownFileType = image.png; path = "icon-57.png"; sourceTree = "<group>"; };
		8D1107310486CEB800E47090 /* Elf Reports-Info.plist */ = {isa = PBXFileReference; fileEncoding = 4; lastKnownFileType = text.plist.xml; name = "Elf Reports-Info.plist"; path = "../Elf Reports-Info.plist"; plistStructureDefinitionIdentifier = "com.apple.xcode.plist.structure-definition.iphone.info-plist"; sourceTree = "<group>"; };
		D4A0D8751607E02300AEF8BB /* Default-568h@2x~iphone.png */ = {isa = PBXFileReference; lastKnownFileType = image.png; path = "Default-568h@2x~iphone.png"; sourceTree = "<group>"; };
		DB7D958523F74ED69FA5D6CB /* CDVInAppBrowser.m */ = {isa = PBXFileReference; fileEncoding = 4; lastKnownFileType = sourcecode.c.objc; name = CDVInAppBrowser.m; path = org.apache.cordova.inappbrowser/CDVInAppBrowser.m; sourceTree = "<group>"; };
		EB87FDF21871DA7A0020F90C /* merges */ = {isa = PBXFileReference; lastKnownFileType = folder; name = merges; path = ../../merges; sourceTree = "<group>"; };
		EB87FDF31871DA8E0020F90C /* www */ = {isa = PBXFileReference; lastKnownFileType = folder; name = www; path = ../../www; sourceTree = "<group>"; };
		EB87FDF41871DAF40020F90C /* config.xml */ = {isa = PBXFileReference; lastKnownFileType = text.xml; name = config.xml; path = ../../config.xml; sourceTree = "<group>"; };
		F840E1F0165FE0F500CFE078 /* config.xml */ = {isa = PBXFileReference; lastKnownFileType = text.xml; name = config.xml; path = "Elf Reports/config.xml"; sourceTree = "<group>"; };
		D377CE4843CF48BF8E47ED1A /* CDVPluginExt.m */ = {isa = PBXFileReference; lastKnownFileType = sourcecode.c.objc; name = "CDVPluginExt.m"; path = "com.rjfun.cordova.ext/CDVPluginExt.m"; sourceTree = "<group>"; fileEncoding = 4; };
		FAA4A1E9988847C8B2DF01B6 /* PluginAdapterDelegate.h */ = {isa = PBXFileReference; lastKnownFileType = sourcecode.c.h; name = "PluginAdapterDelegate.h"; path = "com.rjfun.cordova.ext/PluginAdapterDelegate.h"; sourceTree = "<group>"; fileEncoding = 4; };
		C8751755C3F1492ABACCE41F /* CDVPluginExt.h */ = {isa = PBXFileReference; lastKnownFileType = sourcecode.c.h; name = "CDVPluginExt.h"; path = "com.rjfun.cordova.ext/CDVPluginExt.h"; sourceTree = "<group>"; fileEncoding = 4; };
		DBFF2DB4B5904ACD9EC881AA /* libCordovaGenericAd.a */ = {isa = PBXFileReference; lastKnownFileType = archive.ar; name = "libCordovaGenericAd.a"; path = "Elf Reports/Plugins/com.rjfun.cordova.ad/libCordovaGenericAd.a"; sourceTree = "<group>"; fileEncoding = 4; };
		C52688663E9641C2A43F8A1A /* GenericAdPlugin.h */ = {isa = PBXFileReference; lastKnownFileType = sourcecode.c.h; name = "GenericAdPlugin.h"; path = "com.rjfun.cordova.ad/GenericAdPlugin.h"; sourceTree = "<group>"; fileEncoding = 4; };
		C3AF57AEF98844E3A88A5526 /* libGoogleAdMobAds.a */ = {isa = PBXFileReference; lastKnownFileType = archive.ar; name = "libGoogleAdMobAds.a"; path = "Elf Reports/Plugins/com.google.admobsdk/libGoogleAdMobAds.a"; sourceTree = "<group>"; fileEncoding = 4; };
		EC77A3A32CAA4AE4817296E1 /* GADAdMobExtras.h */ = {isa = PBXFileReference; lastKnownFileType = sourcecode.c.h; name = "GADAdMobExtras.h"; path = "com.google.admobsdk/GADAdMobExtras.h"; sourceTree = "<group>"; fileEncoding = 4; };
		A1F988FD68BE40C29078F291 /* GADAdNetworkExtras.h */ = {isa = PBXFileReference; lastKnownFileType = sourcecode.c.h; name = "GADAdNetworkExtras.h"; path = "com.google.admobsdk/GADAdNetworkExtras.h"; sourceTree = "<group>"; fileEncoding = 4; };
		48A1ACFCB28043CB86FC302C /* GADAdSize.h */ = {isa = PBXFileReference; lastKnownFileType = sourcecode.c.h; name = "GADAdSize.h"; path = "com.google.admobsdk/GADAdSize.h"; sourceTree = "<group>"; fileEncoding = 4; };
		407089575E934B02AEA8EB82 /* GADBannerView.h */ = {isa = PBXFileReference; lastKnownFileType = sourcecode.c.h; name = "GADBannerView.h"; path = "com.google.admobsdk/GADBannerView.h"; sourceTree = "<group>"; fileEncoding = 4; };
		2E9E4F631E6945D4BFEAAAC6 /* GADBannerViewDelegate.h */ = {isa = PBXFileReference; lastKnownFileType = sourcecode.c.h; name = "GADBannerViewDelegate.h"; path = "com.google.admobsdk/GADBannerViewDelegate.h"; sourceTree = "<group>"; fileEncoding = 4; };
		898C637CBDE74234A48E8545 /* GADInAppPurchase.h */ = {isa = PBXFileReference; lastKnownFileType = sourcecode.c.h; name = "GADInAppPurchase.h"; path = "com.google.admobsdk/GADInAppPurchase.h"; sourceTree = "<group>"; fileEncoding = 4; };
		3CBFF4002AF545A5810971F4 /* GADInAppPurchaseDelegate.h */ = {isa = PBXFileReference; lastKnownFileType = sourcecode.c.h; name = "GADInAppPurchaseDelegate.h"; path = "com.google.admobsdk/GADInAppPurchaseDelegate.h"; sourceTree = "<group>"; fileEncoding = 4; };
		FED18456B34E451D8244184E /* GADInterstitial.h */ = {isa = PBXFileReference; lastKnownFileType = sourcecode.c.h; name = "GADInterstitial.h"; path = "com.google.admobsdk/GADInterstitial.h"; sourceTree = "<group>"; fileEncoding = 4; };
		D60646E7C8FF44A0B1FDDF75 /* GADInterstitialDelegate.h */ = {isa = PBXFileReference; lastKnownFileType = sourcecode.c.h; name = "GADInterstitialDelegate.h"; path = "com.google.admobsdk/GADInterstitialDelegate.h"; sourceTree = "<group>"; fileEncoding = 4; };
		47259EA244794C02B0B9331F /* GADModules.h */ = {isa = PBXFileReference; lastKnownFileType = sourcecode.c.h; name = "GADModules.h"; path = "com.google.admobsdk/GADModules.h"; sourceTree = "<group>"; fileEncoding = 4; };
		A1D5C28AE88845B29733C10C /* GADRequest.h */ = {isa = PBXFileReference; lastKnownFileType = sourcecode.c.h; name = "GADRequest.h"; path = "com.google.admobsdk/GADRequest.h"; sourceTree = "<group>"; fileEncoding = 4; };
		9013957A33AE492498034F66 /* GADRequestError.h */ = {isa = PBXFileReference; lastKnownFileType = sourcecode.c.h; name = "GADRequestError.h"; path = "com.google.admobsdk/GADRequestError.h"; sourceTree = "<group>"; fileEncoding = 4; };
		C001467D2A934DA7ABCD979B /* DFPBannerView.h */ = {isa = PBXFileReference; lastKnownFileType = sourcecode.c.h; name = "DFPBannerView.h"; path = "com.google.admobsdk/DFPBannerView.h"; sourceTree = "<group>"; fileEncoding = 4; };
		3289E85D96B44B13AE14688E /* DFPInterstitial.h */ = {isa = PBXFileReference; lastKnownFileType = sourcecode.c.h; name = "DFPInterstitial.h"; path = "com.google.admobsdk/DFPInterstitial.h"; sourceTree = "<group>"; fileEncoding = 4; };
		F06226F634AD4C89BECF6B0C /* GADSwipeableBannerViewDelegate.h */ = {isa = PBXFileReference; lastKnownFileType = sourcecode.c.h; name = "GADSwipeableBannerViewDelegate.h"; path = "com.google.admobsdk/GADSwipeableBannerViewDelegate.h"; sourceTree = "<group>"; fileEncoding = 4; };
		9E75301CF0624A7CAF57EC1E /* DFPSwipeableBannerView.h */ = {isa = PBXFileReference; lastKnownFileType = sourcecode.c.h; name = "DFPSwipeableBannerView.h"; path = "com.google.admobsdk/DFPSwipeableBannerView.h"; sourceTree = "<group>"; fileEncoding = 4; };
		30FA705A052B47A1976A1D25 /* GADAppEventDelegate.h */ = {isa = PBXFileReference; lastKnownFileType = sourcecode.c.h; name = "GADAppEventDelegate.h"; path = "com.google.admobsdk/GADAppEventDelegate.h"; sourceTree = "<group>"; fileEncoding = 4; };
		4A1D783C6E2542C191D1648C /* GADAdSizeDelegate.h */ = {isa = PBXFileReference; lastKnownFileType = sourcecode.c.h; name = "GADAdSizeDelegate.h"; path = "com.google.admobsdk/GADAdSizeDelegate.h"; sourceTree = "<group>"; fileEncoding = 4; };
		06C78BE78B554A399DEB36C9 /* GADCustomEventBanner.h */ = {isa = PBXFileReference; lastKnownFileType = sourcecode.c.h; name = "GADCustomEventBanner.h"; path = "com.google.admobsdk/GADCustomEventBanner.h"; sourceTree = "<group>"; fileEncoding = 4; };
		AFEA5251A2F74768B8828EB5 /* GADCustomEventBannerDelegate.h */ = {isa = PBXFileReference; lastKnownFileType = sourcecode.c.h; name = "GADCustomEventBannerDelegate.h"; path = "com.google.admobsdk/GADCustomEventBannerDelegate.h"; sourceTree = "<group>"; fileEncoding = 4; };
		6369BBE4E7E04381ADA6E170 /* GADCustomEventInterstitial.h */ = {isa = PBXFileReference; lastKnownFileType = sourcecode.c.h; name = "GADCustomEventInterstitial.h"; path = "com.google.admobsdk/GADCustomEventInterstitial.h"; sourceTree = "<group>"; fileEncoding = 4; };
		288B5A4DB03444119CF1BA6D /* GADCustomEventInterstitialDelegate.h */ = {isa = PBXFileReference; lastKnownFileType = sourcecode.c.h; name = "GADCustomEventInterstitialDelegate.h"; path = "com.google.admobsdk/GADCustomEventInterstitialDelegate.h"; sourceTree = "<group>"; fileEncoding = 4; };
		4E3267AFA88B457FA84EE9C2 /* GADCustomEventRequest.h */ = {isa = PBXFileReference; lastKnownFileType = sourcecode.c.h; name = "GADCustomEventRequest.h"; path = "com.google.admobsdk/GADCustomEventRequest.h"; sourceTree = "<group>"; fileEncoding = 4; };
		5945513C1B774BC9B946BA6C /* GADCustomEventExtras.h */ = {isa = PBXFileReference; lastKnownFileType = sourcecode.c.h; name = "GADCustomEventExtras.h"; path = "com.google.admobsdk/GADCustomEventExtras.h"; sourceTree = "<group>"; fileEncoding = 4; };
		059D0C7A8924412D823FC97F /* GADSearchBannerView.h */ = {isa = PBXFileReference; lastKnownFileType = sourcecode.c.h; name = "GADSearchBannerView.h"; path = "com.google.admobsdk/GADSearchBannerView.h"; sourceTree = "<group>"; fileEncoding = 4; };
		CC788EDAA5604952BDDDB3F8 /* GADSearchRequest.h */ = {isa = PBXFileReference; lastKnownFileType = sourcecode.c.h; name = "GADSearchRequest.h"; path = "com.google.admobsdk/GADSearchRequest.h"; sourceTree = "<group>"; fileEncoding = 4; };
		50EDFEC642C54A179DFECF4B /* AdSupport.framework */ = {isa = PBXFileReference; lastKnownFileType = wrapper.framework; name = "AdSupport.framework"; path = "System/Library/Frameworks/AdSupport.framework"; sourceTree = SDKROOT; fileEncoding = 4; };
		529F4F7076FD4B4A82F77BA8 /* AudioToolbox.framework */ = {isa = PBXFileReference; lastKnownFileType = wrapper.framework; name = "AudioToolbox.framework"; path = "System/Library/Frameworks/AudioToolbox.framework"; sourceTree = SDKROOT; fileEncoding = 4; };
		5425AC5FC2674108AE08AC42 /* AVFoundation.framework */ = {isa = PBXFileReference; lastKnownFileType = wrapper.framework; name = "AVFoundation.framework"; path = "System/Library/Frameworks/AVFoundation.framework"; sourceTree = SDKROOT; fileEncoding = 4; };
		4C18C35FFC6C4B5880C30CA5 /* CoreTelephony.framework */ = {isa = PBXFileReference; lastKnownFileType = wrapper.framework; name = "CoreTelephony.framework"; path = "System/Library/Frameworks/CoreTelephony.framework"; sourceTree = SDKROOT; fileEncoding = 4; };
		73B43F5DE7DA400E98066193 /* EventKit.framework */ = {isa = PBXFileReference; lastKnownFileType = wrapper.framework; name = "EventKit.framework"; path = "System/Library/Frameworks/EventKit.framework"; sourceTree = SDKROOT; fileEncoding = 4; };
		FBEF8B3450A447F2B877B358 /* EventKitUI.framework */ = {isa = PBXFileReference; lastKnownFileType = wrapper.framework; name = "EventKitUI.framework"; path = "System/Library/Frameworks/EventKitUI.framework"; sourceTree = SDKROOT; fileEncoding = 4; };
		4CB8E78258634EAFBA8034FF /* Foundation.framework */ = {isa = PBXFileReference; lastKnownFileType = wrapper.framework; name = "Foundation.framework"; path = "System/Library/Frameworks/Foundation.framework"; sourceTree = SDKROOT; fileEncoding = 4; };
		31EEE2BC63E1461AA0061456 /* MessageUI.framework */ = {isa = PBXFileReference; lastKnownFileType = wrapper.framework; name = "MessageUI.framework"; path = "System/Library/Frameworks/MessageUI.framework"; sourceTree = SDKROOT; fileEncoding = 4; };
		F4353FA5DAA4449B925763D4 /* StoreKit.framework */ = {isa = PBXFileReference; lastKnownFileType = wrapper.framework; name = "StoreKit.framework"; path = "System/Library/Frameworks/StoreKit.framework"; sourceTree = SDKROOT; fileEncoding = 4; };
		F7BAF0A77779477C936F1817 /* SystemConfiguration.framework */ = {isa = PBXFileReference; lastKnownFileType = wrapper.framework; name = "SystemConfiguration.framework"; path = "System/Library/Frameworks/SystemConfiguration.framework"; sourceTree = SDKROOT; fileEncoding = 4; };
		F83573E7759345728D302C38 /* UIKit.framework */ = {isa = PBXFileReference; lastKnownFileType = wrapper.framework; name = "UIKit.framework"; path = "System/Library/Frameworks/UIKit.framework"; sourceTree = SDKROOT; fileEncoding = 4; };
		C434CEBB32D048F78BC53059 /* CDVAdMobPlugin.m */ = {isa = PBXFileReference; lastKnownFileType = sourcecode.c.objc; name = "CDVAdMobPlugin.m"; path = "com.google.cordova.admob/CDVAdMobPlugin.m"; sourceTree = "<group>"; fileEncoding = 4; };
		BB48C314D5FB44AC8826D8D6 /* AdMobMediation.m */ = {isa = PBXFileReference; lastKnownFileType = sourcecode.c.objc; name = "AdMobMediation.m"; path = "com.google.cordova.admob/AdMobMediation.m"; sourceTree = "<group>"; fileEncoding = 4; };
		1AA5469DAADB4FEA90E52526 /* CDVAdMobPlugin.h */ = {isa = PBXFileReference; lastKnownFileType = sourcecode.c.h; name = "CDVAdMobPlugin.h"; path = "com.google.cordova.admob/CDVAdMobPlugin.h"; sourceTree = "<group>"; fileEncoding = 4; };
		5CF7544B93F74624AD635E5D /* AdMobMediation.h */ = {isa = PBXFileReference; lastKnownFileType = sourcecode.c.h; name = "AdMobMediation.h"; path = "com.google.cordova.admob/AdMobMediation.h"; sourceTree = "<group>"; fileEncoding = 4; };
/* End PBXFileReference section */

/* Begin PBXFrameworksBuildPhase section */
		1D60588F0D05DD3D006BFB54 /* Frameworks */ = {
			isa = PBXFrameworksBuildPhase;
			buildActionMask = 2147483647;
			files = (
				5B1594DD16A7569C00FEF299 /* AssetsLibrary.framework in Frameworks */,
				301BF552109A68D80062928A /* libCordova.a in Frameworks */,
				288765FD0DF74451002DB57D /* CoreGraphics.framework in Frameworks */,
				305D5FD1115AB8F900A74A75 /* MobileCoreServices.framework in Frameworks */,
				205D198AF75640C6932DA15A /* libCordovaGenericAd.a in Frameworks */,
				4F82E3E7030E4B0698F92924 /* libGoogleAdMobAds.a in Frameworks */,
				EF18308B6CA141D2AE86FB3B /* AdSupport.framework in Frameworks */,
				585DD0F6A20548A0A3B862E2 /* AudioToolbox.framework in Frameworks */,
				74B93404BECB47FBBB3B11F4 /* AVFoundation.framework in Frameworks */,
				2960EDC443F0457AB6D212AE /* CoreTelephony.framework in Frameworks */,
				0F96DB24A4B049698B066C21 /* EventKit.framework in Frameworks */,
				A89BB744312C423A82466C44 /* EventKitUI.framework in Frameworks */,
				6F5A517EB22345B2AA35B5D5 /* Foundation.framework in Frameworks */,
				375F6281440D477CBD9DB541 /* MessageUI.framework in Frameworks */,
				9C05C0D53DD24249B112E3DB /* StoreKit.framework in Frameworks */,
				6D0526058ED44E9EBD1802E4 /* SystemConfiguration.framework in Frameworks */,
				94357FC180F641CAB88DEC33 /* UIKit.framework in Frameworks */,
			);
			runOnlyForDeploymentPostprocessing = 0;
		};
/* End PBXFrameworksBuildPhase section */

/* Begin PBXGroup section */
		080E96DDFE201D6D7F000001 /* Classes */ = {
			isa = PBXGroup;
			children = (
				302D95EE14D2391D003F00A1 /* MainViewController.h */,
				302D95EF14D2391D003F00A1 /* MainViewController.m */,
				302D95F014D2391D003F00A1 /* MainViewController.xib */,
				1D3623240D0F684500981E51 /* AppDelegate.h */,
				1D3623250D0F684500981E51 /* AppDelegate.m */,
			);
			name = Classes;
			path = "Elf Reports/Classes";
			sourceTree = SOURCE_ROOT;
		};
		19C28FACFE9D520D11CA2CBB /* Products */ = {
			isa = PBXGroup;
			children = (
				1D6058910D05DD3D006BFB54 /* Elf Reports.app */,
			);
			name = Products;
			sourceTree = "<group>";
		};
		29B97314FDCFA39411CA2CEA /* CustomTemplate */ = {
			isa = PBXGroup;
			children = (
				EB87FDF41871DAF40020F90C /* config.xml */,
				EB87FDF31871DA8E0020F90C /* www */,
				EB87FDF21871DA7A0020F90C /* merges */,
				EB87FDF11871DA420020F90C /* Staging */,
				301BF52D109A57CC0062928A /* CordovaLib.xcodeproj */,
				080E96DDFE201D6D7F000001 /* Classes */,
				307C750510C5A3420062BCA9 /* Plugins */,
				29B97315FDCFA39411CA2CEA /* Other Sources */,
				29B97317FDCFA39411CA2CEA /* Resources */,
				29B97323FDCFA39411CA2CEA /* Frameworks */,
				19C28FACFE9D520D11CA2CBB /* Products */,
			);
			name = CustomTemplate;
			sourceTree = "<group>";
		};
		29B97315FDCFA39411CA2CEA /* Other Sources */ = {
			isa = PBXGroup;
			children = (
				32CA4F630368D1EE00C91783 /* Elf Reports-Prefix.pch */,
				29B97316FDCFA39411CA2CEA /* main.m */,
			);
			name = "Other Sources";
			path = "Elf Reports";
			sourceTree = "<group>";
		};
		29B97317FDCFA39411CA2CEA /* Resources */ = {
			isa = PBXGroup;
			children = (
				308D052D1370CCF300D202BF /* icons */,
				308D05311370CCF300D202BF /* splash */,
				8D1107310486CEB800E47090 /* Elf Reports-Info.plist */,
			);
			name = Resources;
			path = "Elf Reports/Resources";
			sourceTree = "<group>";
		};
		29B97323FDCFA39411CA2CEA /* Frameworks */ = {
			isa = PBXGroup;
			children = (
				5B1594DC16A7569C00FEF299 /* AssetsLibrary.framework */,
				288765FC0DF74451002DB57D /* CoreGraphics.framework */,
				305D5FD0115AB8F900A74A75 /* MobileCoreServices.framework */,
				DBFF2DB4B5904ACD9EC881AA /* libCordovaGenericAd.a */,
				C3AF57AEF98844E3A88A5526 /* libGoogleAdMobAds.a */,
				50EDFEC642C54A179DFECF4B /* AdSupport.framework */,
				529F4F7076FD4B4A82F77BA8 /* AudioToolbox.framework */,
				5425AC5FC2674108AE08AC42 /* AVFoundation.framework */,
				4C18C35FFC6C4B5880C30CA5 /* CoreTelephony.framework */,
				73B43F5DE7DA400E98066193 /* EventKit.framework */,
				FBEF8B3450A447F2B877B358 /* EventKitUI.framework */,
				4CB8E78258634EAFBA8034FF /* Foundation.framework */,
				31EEE2BC63E1461AA0061456 /* MessageUI.framework */,
				F4353FA5DAA4449B925763D4 /* StoreKit.framework */,
				F7BAF0A77779477C936F1817 /* SystemConfiguration.framework */,
				F83573E7759345728D302C38 /* UIKit.framework */,
			);
			name = Frameworks;
			sourceTree = "<group>";
		};
		301BF52E109A57CC0062928A /* Products */ = {
			isa = PBXGroup;
			children = (
				301BF535109A57CC0062928A /* libCordova.a */,
			);
			name = Products;
			sourceTree = "<group>";
		};
		307C750510C5A3420062BCA9 /* Plugins */ = {
			isa = PBXGroup;
			children = (
				DB7D958523F74ED69FA5D6CB /* CDVInAppBrowser.m */,
				28FEC574FC07455AA81C05E6 /* CDVInAppBrowser.h */,
				D377CE4843CF48BF8E47ED1A /* CDVPluginExt.m */,
				FAA4A1E9988847C8B2DF01B6 /* PluginAdapterDelegate.h */,
				C8751755C3F1492ABACCE41F /* CDVPluginExt.h */,
				C52688663E9641C2A43F8A1A /* GenericAdPlugin.h */,
				EC77A3A32CAA4AE4817296E1 /* GADAdMobExtras.h */,
				A1F988FD68BE40C29078F291 /* GADAdNetworkExtras.h */,
				48A1ACFCB28043CB86FC302C /* GADAdSize.h */,
				407089575E934B02AEA8EB82 /* GADBannerView.h */,
				2E9E4F631E6945D4BFEAAAC6 /* GADBannerViewDelegate.h */,
				898C637CBDE74234A48E8545 /* GADInAppPurchase.h */,
				3CBFF4002AF545A5810971F4 /* GADInAppPurchaseDelegate.h */,
				FED18456B34E451D8244184E /* GADInterstitial.h */,
				D60646E7C8FF44A0B1FDDF75 /* GADInterstitialDelegate.h */,
				47259EA244794C02B0B9331F /* GADModules.h */,
				A1D5C28AE88845B29733C10C /* GADRequest.h */,
				9013957A33AE492498034F66 /* GADRequestError.h */,
				C001467D2A934DA7ABCD979B /* DFPBannerView.h */,
				3289E85D96B44B13AE14688E /* DFPInterstitial.h */,
				F06226F634AD4C89BECF6B0C /* GADSwipeableBannerViewDelegate.h */,
				9E75301CF0624A7CAF57EC1E /* DFPSwipeableBannerView.h */,
				30FA705A052B47A1976A1D25 /* GADAppEventDelegate.h */,
				4A1D783C6E2542C191D1648C /* GADAdSizeDelegate.h */,
				06C78BE78B554A399DEB36C9 /* GADCustomEventBanner.h */,
				AFEA5251A2F74768B8828EB5 /* GADCustomEventBannerDelegate.h */,
				6369BBE4E7E04381ADA6E170 /* GADCustomEventInterstitial.h */,
				288B5A4DB03444119CF1BA6D /* GADCustomEventInterstitialDelegate.h */,
				4E3267AFA88B457FA84EE9C2 /* GADCustomEventRequest.h */,
				5945513C1B774BC9B946BA6C /* GADCustomEventExtras.h */,
				059D0C7A8924412D823FC97F /* GADSearchBannerView.h */,
				CC788EDAA5604952BDDDB3F8 /* GADSearchRequest.h */,
				C434CEBB32D048F78BC53059 /* CDVAdMobPlugin.m */,
				BB48C314D5FB44AC8826D8D6 /* AdMobMediation.m */,
				1AA5469DAADB4FEA90E52526 /* CDVAdMobPlugin.h */,
				5CF7544B93F74624AD635E5D /* AdMobMediation.h */,
			);
			name = Plugins;
			path = "Elf Reports/Plugins";
			sourceTree = SOURCE_ROOT;
		};
		308D052D1370CCF300D202BF /* icons */ = {
			isa = PBXGroup;
			children = (
				7E30D0D51A2433AB008024DE /* icon-120.png */,
				7E30D0D61A2433AB008024DE /* icon-152.png */,
				7ED959BF1A2429AF0063D949 /* icon-57.png */,
				30C1856519D5FC0A00212699 /* icon-60@3x.png */,
				7E7966D41810823500FA85AD /* icon-40.png */,
				7E7966D51810823500FA85AD /* icon-40@2x.png */,
				7E7966D61810823500FA85AD /* icon-50.png */,
				7E7966D71810823500FA85AD /* icon-50@2x.png */,
				7E7966D81810823500FA85AD /* icon-60.png */,
				7E7966D91810823500FA85AD /* icon-60@2x.png */,
				7E7966DA1810823500FA85AD /* icon-76.png */,
				7E7966DB1810823500FA85AD /* icon-76@2x.png */,
				7E7966DC1810823500FA85AD /* icon-small.png */,
				7E7966DD1810823500FA85AD /* icon-small@2x.png */,
				30FC414816E50CA1004E6F35 /* icon-72@2x.png */,
				308D052E1370CCF300D202BF /* icon-72.png */,
				308D052F1370CCF300D202BF /* icon.png */,
				308D05301370CCF300D202BF /* icon@2x.png */,
			);
			path = icons;
			sourceTree = "<group>";
		};
		308D05311370CCF300D202BF /* splash */ = {
			isa = PBXGroup;
			children = (
				30B4F2FD19D5E07200D9F7D8 /* Default-667h.png */,
				30B4F2FE19D5E07200D9F7D8 /* Default-736h.png */,
				30B4F2FF19D5E07200D9F7D8 /* Default-Landscape-736h.png */,
				D4A0D8751607E02300AEF8BB /* Default-568h@2x~iphone.png */,
				3088BBB7154F3926009F9C59 /* Default-Landscape@2x~ipad.png */,
				3088BBB8154F3926009F9C59 /* Default-Landscape~ipad.png */,
				3088BBB9154F3926009F9C59 /* Default-Portrait@2x~ipad.png */,
				3088BBBA154F3926009F9C59 /* Default-Portrait~ipad.png */,
				3088BBBB154F3926009F9C59 /* Default@2x~iphone.png */,
				3088BBBC154F3926009F9C59 /* Default~iphone.png */,
			);
			path = splash;
			sourceTree = "<group>";
		};
		EB87FDF11871DA420020F90C /* Staging */ = {
			isa = PBXGroup;
			children = (
				F840E1F0165FE0F500CFE078 /* config.xml */,
				301BF56E109A69640062928A /* www */,
			);
			name = Staging;
			sourceTree = "<group>";
		};
/* End PBXGroup section */

/* Begin PBXNativeTarget section */
		1D6058900D05DD3D006BFB54 /* Elf Reports */ = {
			isa = PBXNativeTarget;
			buildConfigurationList = 1D6058960D05DD3E006BFB54 /* Build configuration list for PBXNativeTarget "Elf Reports" */;
			buildPhases = (
				304B58A110DAC018002A0835 /* Copy www directory */,
				1D60588D0D05DD3D006BFB54 /* Resources */,
				1D60588E0D05DD3D006BFB54 /* Sources */,
				1D60588F0D05DD3D006BFB54 /* Frameworks */,
			);
			buildRules = (
			);
			dependencies = (
				301BF551109A68C00062928A /* PBXTargetDependency */,
			);
			name = "Elf Reports";
			productName = "Elf Reports";
			productReference = 1D6058910D05DD3D006BFB54 /* Elf Reports.app */;
			productType = "com.apple.product-type.application";
		};
/* End PBXNativeTarget section */

/* Begin PBXProject section */
		29B97313FDCFA39411CA2CEA /* Project object */ = {
			isa = PBXProject;
			attributes = {
				LastUpgradeCheck = 510;
				TargetAttributes = {
					1D6058900D05DD3D006BFB54 = {
						DevelopmentTeam = 347GTRK9KD;
					};
				};
			};
			buildConfigurationList = C01FCF4E08A954540054247B /* Build configuration list for PBXProject "Elf Reports" */;
			compatibilityVersion = "Xcode 3.2";
			developmentRegion = English;
			hasScannedForEncodings = 1;
			knownRegions = (
				English,
				Japanese,
				French,
				German,
				en,
				es,
				de,
				se,
			);
			mainGroup = 29B97314FDCFA39411CA2CEA /* CustomTemplate */;
			projectDirPath = "";
			projectReferences = (
				{
					ProductGroup = 301BF52E109A57CC0062928A /* Products */;
					ProjectRef = 301BF52D109A57CC0062928A /* CordovaLib.xcodeproj */;
				},
			);
			projectRoot = "";
			targets = (
				1D6058900D05DD3D006BFB54 /* Elf Reports */,
			);
		};
/* End PBXProject section */

/* Begin PBXReferenceProxy section */
		301BF535109A57CC0062928A /* libCordova.a */ = {
			isa = PBXReferenceProxy;
			fileType = archive.ar;
			path = libCordova.a;
			remoteRef = 301BF534109A57CC0062928A /* PBXContainerItemProxy */;
			sourceTree = BUILT_PRODUCTS_DIR;
		};
/* End PBXReferenceProxy section */

/* Begin PBXResourcesBuildPhase section */
		1D60588D0D05DD3D006BFB54 /* Resources */ = {
			isa = PBXResourcesBuildPhase;
			buildActionMask = 2147483647;
			files = (
				7E7966E41810823500FA85AD /* icon-76.png in Resources */,
				7E7966DF1810823500FA85AD /* icon-40@2x.png in Resources */,
				308D05371370CCF300D202BF /* icon-72.png in Resources */,
				30B4F30119D5E07200D9F7D8 /* Default-736h.png in Resources */,
				308D05381370CCF300D202BF /* icon.png in Resources */,
				308D05391370CCF300D202BF /* icon@2x.png in Resources */,
				302D95F214D2391D003F00A1 /* MainViewController.xib in Resources */,
				7E7966E01810823500FA85AD /* icon-50.png in Resources */,
				7E30D0D71A2433AB008024DE /* icon-120.png in Resources */,
				7ED959C01A2429AF0063D949 /* icon-57.png in Resources */,
				7E7966E31810823500FA85AD /* icon-60@2x.png in Resources */,
				7E7966E61810823500FA85AD /* icon-small.png in Resources */,
				3088BBBD154F3926009F9C59 /* Default-Landscape@2x~ipad.png in Resources */,
				3088BBBE154F3926009F9C59 /* Default-Landscape~ipad.png in Resources */,
				3088BBBF154F3926009F9C59 /* Default-Portrait@2x~ipad.png in Resources */,
				7E7966E71810823500FA85AD /* icon-small@2x.png in Resources */,
				3088BBC0154F3926009F9C59 /* Default-Portrait~ipad.png in Resources */,
				30B4F30019D5E07200D9F7D8 /* Default-667h.png in Resources */,
				7E7966DE1810823500FA85AD /* icon-40.png in Resources */,
				7E30D0D81A2433AB008024DE /* icon-152.png in Resources */,
				3088BBC1154F3926009F9C59 /* Default@2x~iphone.png in Resources */,
				7E7966E21810823500FA85AD /* icon-60.png in Resources */,
				3088BBC2154F3926009F9C59 /* Default~iphone.png in Resources */,
				D4A0D8761607E02300AEF8BB /* Default-568h@2x~iphone.png in Resources */,
				30B4F30219D5E07200D9F7D8 /* Default-Landscape-736h.png in Resources */,
				30C1856619D5FC0A00212699 /* icon-60@3x.png in Resources */,
				7E7966E11810823500FA85AD /* icon-50@2x.png in Resources */,
				7E7966E51810823500FA85AD /* icon-76@2x.png in Resources */,
				30FC414916E50CA1004E6F35 /* icon-72@2x.png in Resources */,
			);
			runOnlyForDeploymentPostprocessing = 0;
		};
/* End PBXResourcesBuildPhase section */

/* Begin PBXShellScriptBuildPhase section */
		304B58A110DAC018002A0835 /* Copy www directory */ = {
			isa = PBXShellScriptBuildPhase;
			buildActionMask = 2147483647;
			files = (
			);
			inputPaths = (
			);
			name = "Copy www directory";
			outputPaths = (
			);
			runOnlyForDeploymentPostprocessing = 0;
			shellPath = /bin/sh;
			shellScript = "cordova/lib/copy-www-build-step.sh";
			showEnvVarsInLog = 0;
		};
/* End PBXShellScriptBuildPhase section */

/* Begin PBXSourcesBuildPhase section */
		1D60588E0D05DD3D006BFB54 /* Sources */ = {
			isa = PBXSourcesBuildPhase;
			buildActionMask = 2147483647;
			files = (
				1D60589B0D05DD56006BFB54 /* main.m in Sources */,
				1D3623260D0F684500981E51 /* AppDelegate.m in Sources */,
				302D95F114D2391D003F00A1 /* MainViewController.m in Sources */,
				DAC8A309F5E74F57AE849BD7 /* CDVInAppBrowser.m in Sources */,
				C420A69B94034CA28B0EBEF5 /* CDVPluginExt.m in Sources */,
				72B20388CDC144A1A99282EF /* CDVAdMobPlugin.m in Sources */,
				43F4C4A562364419BAFD90AD /* AdMobMediation.m in Sources */,
			);
			runOnlyForDeploymentPostprocessing = 0;
		};
/* End PBXSourcesBuildPhase section */

/* Begin PBXTargetDependency section */
		301BF551109A68C00062928A /* PBXTargetDependency */ = {
			isa = PBXTargetDependency;
			name = CordovaLib;
			targetProxy = 301BF550109A68C00062928A /* PBXContainerItemProxy */;
		};
/* End PBXTargetDependency section */

/* Begin XCBuildConfiguration section */
		1D6058940D05DD3E006BFB54 /* Debug */ = {
			isa = XCBuildConfiguration;
			buildSettings = {
				ALWAYS_SEARCH_USER_PATHS = NO;
				CLANG_ENABLE_OBJC_ARC = YES;
				CODE_SIGN_IDENTITY = "iPhone Distribution";
				"CODE_SIGN_IDENTITY[sdk=iphoneos*]" = "iPhone Developer";
				COPY_PHASE_STRIP = NO;
				GCC_DYNAMIC_NO_PIC = NO;
				GCC_OPTIMIZATION_LEVEL = 0;
				GCC_PRECOMPILE_PREFIX_HEADER = YES;
				GCC_PREFIX_HEADER = "Elf Reports/Elf Reports-Prefix.pch";
				GCC_THUMB_SUPPORT = NO;
				GCC_VERSION = "";
				INFOPLIST_FILE = "Elf Reports/Elf Reports-Info.plist";
				IPHONEOS_DEPLOYMENT_TARGET = 6.0;
				OTHER_LDFLAGS = (
					"-weak_framework",
					CoreFoundation,
					"-weak_framework",
					UIKit,
					"-weak_framework",
					AVFoundation,
					"-weak_framework",
					CoreMedia,
					"-weak-lSystem",
					"-ObjC",
				);
				PRODUCT_NAME = "Elf Reports";
				PROVISIONING_PROFILE = "89fc5b1c-1af1-4be2-bad9-d5d06379b6c2";
				TARGETED_DEVICE_FAMILY = "1,2";
				LIBRARY_SEARCH_PATHS = (
					"$(inherited)",
					"\"$(SRCROOT)/Elf Reports/Plugins/com.rjfun.cordova.ad\"",
					"\"$(SRCROOT)/Elf Reports/Plugins/com.google.admobsdk\"",
				);
			};
			name = Debug;
		};
		1D6058950D05DD3E006BFB54 /* Release */ = {
			isa = XCBuildConfiguration;
			buildSettings = {
				ALWAYS_SEARCH_USER_PATHS = NO;
				CLANG_ENABLE_OBJC_ARC = YES;
				CODE_SIGN_IDENTITY = "iPhone Distribution";
				"CODE_SIGN_IDENTITY[sdk=iphoneos*]" = "iPhone Developer";
				COPY_PHASE_STRIP = YES;
				GCC_PRECOMPILE_PREFIX_HEADER = YES;
				GCC_PREFIX_HEADER = "Elf Reports/Elf Reports-Prefix.pch";
				GCC_THUMB_SUPPORT = NO;
				GCC_VERSION = "";
				INFOPLIST_FILE = "Elf Reports/Elf Reports-Info.plist";
				IPHONEOS_DEPLOYMENT_TARGET = 6.0;
				OTHER_LDFLAGS = (
					"-weak_framework",
					CoreFoundation,
					"-weak_framework",
					UIKit,
					"-weak_framework",
					AVFoundation,
					"-weak_framework",
					CoreMedia,
					"-weak-lSystem",
					"-ObjC",
				);
				PRODUCT_NAME = "Elf Reports";
				PROVISIONING_PROFILE = "89fc5b1c-1af1-4be2-bad9-d5d06379b6c2";
				TARGETED_DEVICE_FAMILY = "1,2";
				LIBRARY_SEARCH_PATHS = (
					"$(inherited)",
					"\"$(SRCROOT)/Elf Reports/Plugins/com.rjfun.cordova.ad\"",
					"\"$(SRCROOT)/Elf Reports/Plugins/com.google.admobsdk\"",
				);
			};
			name = Release;
		};
		C01FCF4F08A954540054247B /* Debug */ = {
			isa = XCBuildConfiguration;
			buildSettings = {
				CLANG_ENABLE_OBJC_ARC = YES;
				CLANG_WARN_BOOL_CONVERSION = YES;
				CLANG_WARN_CONSTANT_CONVERSION = YES;
				CLANG_WARN_EMPTY_BODY = YES;
				CLANG_WARN_ENUM_CONVERSION = YES;
				CLANG_WARN_INT_CONVERSION = YES;
				CLANG_WARN__DUPLICATE_METHOD_MATCH = YES;
				"CODE_SIGN_IDENTITY[sdk=iphoneos*]" = "iPhone Developer";
				GCC_C_LANGUAGE_STANDARD = c99;
				GCC_THUMB_SUPPORT = NO;
				GCC_VERSION = "";
				GCC_WARN_ABOUT_RETURN_TYPE = YES;
				GCC_WARN_UNDECLARED_SELECTOR = YES;
				GCC_WARN_UNINITIALIZED_AUTOS = YES;
				GCC_WARN_UNUSED_FUNCTION = YES;
				GCC_WARN_UNUSED_VARIABLE = YES;
				HEADER_SEARCH_PATHS = (
					"\"$(TARGET_BUILD_DIR)/usr/local/lib/include\"",
					"\"$(OBJROOT)/UninstalledProducts/include\"",
					"\"$(BUILT_PRODUCTS_DIR)\"",
				);
				IPHONEOS_DEPLOYMENT_TARGET = 6.0;
				ONLY_ACTIVE_ARCH = YES;
				OTHER_LDFLAGS = (
					"-weak_framework",
					CoreFoundation,
					"-weak_framework",
					UIKit,
					"-weak_framework",
					AVFoundation,
					"-weak_framework",
					CoreMedia,
					"-weak-lSystem",
					"-ObjC",
				);
				SDKROOT = iphoneos;
				SKIP_INSTALL = NO;
				USER_HEADER_SEARCH_PATHS = "";
			};
			name = Debug;
		};
		C01FCF5008A954540054247B /* Release */ = {
			isa = XCBuildConfiguration;
			buildSettings = {
				CLANG_ENABLE_OBJC_ARC = YES;
				CLANG_WARN_BOOL_CONVERSION = YES;
				CLANG_WARN_CONSTANT_CONVERSION = YES;
				CLANG_WARN_EMPTY_BODY = YES;
				CLANG_WARN_ENUM_CONVERSION = YES;
				CLANG_WARN_INT_CONVERSION = YES;
				CLANG_WARN__DUPLICATE_METHOD_MATCH = YES;
				"CODE_SIGN_IDENTITY[sdk=iphoneos*]" = "iPhone Developer";
				GCC_C_LANGUAGE_STANDARD = c99;
				GCC_THUMB_SUPPORT = NO;
				GCC_VERSION = "";
				GCC_WARN_ABOUT_RETURN_TYPE = YES;
				GCC_WARN_UNDECLARED_SELECTOR = YES;
				GCC_WARN_UNINITIALIZED_AUTOS = YES;
				GCC_WARN_UNUSED_FUNCTION = YES;
				GCC_WARN_UNUSED_VARIABLE = YES;
				HEADER_SEARCH_PATHS = (
					"\"$(TARGET_BUILD_DIR)/usr/local/lib/include\"",
					"\"$(OBJROOT)/UninstalledProducts/include\"",
					"\"$(BUILT_PRODUCTS_DIR)\"",
				);
				IPHONEOS_DEPLOYMENT_TARGET = 6.0;
				OTHER_LDFLAGS = (
					"-weak_framework",
					CoreFoundation,
					"-weak_framework",
					UIKit,
					"-weak_framework",
					AVFoundation,
					"-weak_framework",
					CoreMedia,
					"-weak-lSystem",
					"-ObjC",
				);
				SDKROOT = iphoneos;
				SKIP_INSTALL = NO;
				USER_HEADER_SEARCH_PATHS = "";
			};
			name = Release;
		};
/* End XCBuildConfiguration section */

/* Begin XCConfigurationList section */
		1D6058960D05DD3E006BFB54 /* Build configuration list for PBXNativeTarget "Elf Reports" */ = {
			isa = XCConfigurationList;
			buildConfigurations = (
				1D6058940D05DD3E006BFB54 /* Debug */,
				1D6058950D05DD3E006BFB54 /* Release */,
			);
			defaultConfigurationIsVisible = 0;
			defaultConfigurationName = Release;
		};
		C01FCF4E08A954540054247B /* Build configuration list for PBXProject "Elf Reports" */ = {
			isa = XCConfigurationList;
			buildConfigurations = (
				C01FCF4F08A954540054247B /* Debug */,
				C01FCF5008A954540054247B /* Release */,
			);
			defaultConfigurationIsVisible = 0;
			defaultConfigurationName = Release;
		};
/* End XCConfigurationList section */
	};
	rootObject = 29B97313FDCFA39411CA2CEA /* Project object */;
}
